
Microsoft Visual Studio Solution File, Format Version 12.00
# Visual Studio 14
VisualStudioVersion = 14.0.25420.1
MinimumVisualStudioVersion = 10.0.40219.1
Project("{2150E333-8FDC-42A3-9474-1A3956D46DE8}") = "0 Common", "0 Common", "{C13BC277-9FD4-407B-91F2-AA6417C5A6FD}"
EndProject
Project("{2150E333-8FDC-42A3-9474-1A3956D46DE8}") = "1 Presentation", "1 Presentation", "{EBB09182-FC83-4940-909E-7A0BBDCF86A2}"
EndProject
Project("{2150E333-8FDC-42A3-9474-1A3956D46DE8}") = "2 Service", "2 Service", "{62BD6000-C265-42EF-9E2C-DB3ECE351138}"
EndProject
Project("{2150E333-8FDC-42A3-9474-1A3956D46DE8}") = "3 BLL", "3 BLL", "{7CE6ED71-84F3-42D5-9126-F364BDE0F384}"
EndProject
Project("{2150E333-8FDC-42A3-9474-1A3956D46DE8}") = "4 DataAccess", "4 DataAccess", "{9AFC118C-A0B4-4BD9-8547-E1AB329B486D}"
EndProject
Project("{2150E333-8FDC-42A3-9474-1A3956D46DE8}") = "5 Test", "5 Test", "{F380420D-A07B-41C0-9375-CB4CC5496E65}"
EndProject
Project("{FAE04EC0-301F-11D3-BF4B-00C04F79EFBC}") = "OpenQbit.Payroll.Common.Models", "OpenQbit.Payroll.Common.Models\OpenQbit.Payroll.Common.Models.csproj", "{9C842B7B-F408-49A7-877E-A1F2C716F18C}"
EndProject
Project("{FAE04EC0-301F-11D3-BF4B-00C04F79EFBC}") = "OpenQbit.Payroll.DataAccess.DAL", "OpenQbit.Payroll.DataAccess.DAL\OpenQbit.Payroll.DataAccess.DAL.csproj", "{0838B7A7-CDD6-40A5-A5A3-D59ADF5332CD}"
EndProject
Project("{FAE04EC0-301F-11D3-BF4B-00C04F79EFBC}") = "OpenQbit.Payroll.BLL.BusinessService", "OpenQbit.Payroll.BLL.BusinessService\OpenQbit.Payroll.BLL.BusinessService.csproj", "{63785ABE-530F-4451-A6A0-7555CA73D2D7}"
EndProject
Project("{FAE04EC0-301F-11D3-BF4B-00C04F79EFBC}") = "OpenQbit.Payroll.BLL.BusinessService.Contracts", "OpenQbit.Payroll.BLL.BusinessService.Contracts\OpenQbit.Payroll.BLL.BusinessService.Contracts.csproj", "{1A5B37C8-FB3A-40FA-AD45-BF3B19E0B4D7}"
EndProject
Project("{FAE04EC0-301F-11D3-BF4B-00C04F79EFBC}") = "OpenQbit.PayrollSystem.DataAccess.DAL.Contracts", "OpenQbit.PayrollSystem.DataAccess.DAL.Contracts\OpenQbit.PayrollSystem.DataAccess.DAL.Contracts.csproj", "{1F6434A2-02A9-4013-AC89-229C71E3D6FD}"
EndProject
Project("{2150E333-8FDC-42A3-9474-1A3956D46DE8}") = "Utils", "Utils", "{D8E1D8A6-3B10-4AF6-A653-EC66DAD465BC}"
EndProject
Project("{FAE04EC0-301F-11D3-BF4B-00C04F79EFBC}") = "OpenQbit.Payroll.Common.Utils.Logs", "OpenQbit.Payroll.Common.Utils.Logs\OpenQbit.Payroll.Common.Utils.Logs.csproj", "{854F7F4C-F649-4357-81E8-0B4E0E273037}"
EndProject
Global
	GlobalSection(SolutionConfigurationPlatforms) = preSolution
		Debug|Any CPU = Debug|Any CPU
		Release|Any CPU = Release|Any CPU
	EndGlobalSection
	GlobalSection(ProjectConfigurationPlatforms) = postSolution
		{9C842B7B-F408-49A7-877E-A1F2C716F18C}.Debug|Any CPU.ActiveCfg = Debug|Any CPU
		{9C842B7B-F408-49A7-877E-A1F2C716F18C}.Debug|Any CPU.Build.0 = Debug|Any CPU
		{9C842B7B-F408-49A7-877E-A1F2C716F18C}.Release|Any CPU.ActiveCfg = Release|Any CPU
		{9C842B7B-F408-49A7-877E-A1F2C716F18C}.Release|Any CPU.Build.0 = Release|Any CPU
		{0838B7A7-CDD6-40A5-A5A3-D59ADF5332CD}.Debug|Any CPU.ActiveCfg = Debug|Any CPU
		{0838B7A7-CDD6-40A5-A5A3-D59ADF5332CD}.Debug|Any CPU.Build.0 = Debug|Any CPU
		{0838B7A7-CDD6-40A5-A5A3-D59ADF5332CD}.Release|Any CPU.ActiveCfg = Release|Any CPU
		{0838B7A7-CDD6-40A5-A5A3-D59ADF5332CD}.Release|Any CPU.Build.0 = Release|Any CPU
		{63785ABE-530F-4451-A6A0-7555CA73D2D7}.Debug|Any CPU.ActiveCfg = Debug|Any CPU
		{63785ABE-530F-4451-A6A0-7555CA73D2D7}.Debug|Any CPU.Build.0 = Debug|Any CPU
		{63785ABE-530F-4451-A6A0-7555CA73D2D7}.Release|Any CPU.ActiveCfg = Release|Any CPU
		{63785ABE-530F-4451-A6A0-7555CA73D2D7}.Release|Any CPU.Build.0 = Release|Any CPU
		{1A5B37C8-FB3A-40FA-AD45-BF3B19E0B4D7}.Debug|Any CPU.ActiveCfg = Debug|Any CPU
		{1A5B37C8-FB3A-40FA-AD45-BF3B19E0B4D7}.Debug|Any CPU.Build.0 = Debug|Any CPU
		{1A5B37C8-FB3A-40FA-AD45-BF3B19E0B4D7}.Release|Any CPU.ActiveCfg = Release|Any CPU
		{1A5B37C8-FB3A-40FA-AD45-BF3B19E0B4D7}.Release|Any CPU.Build.0 = Release|Any CPU
		{1F6434A2-02A9-4013-AC89-229C71E3D6FD}.Debug|Any CPU.ActiveCfg = Debug|Any CPU
		{1F6434A2-02A9-4013-AC89-229C71E3D6FD}.Debug|Any CPU.Build.0 = Debug|Any CPU
		{1F6434A2-02A9-4013-AC89-229C71E3D6FD}.Release|Any CPU.ActiveCfg = Release|Any CPU
		{1F6434A2-02A9-4013-AC89-229C71E3D6FD}.Release|Any CPU.Build.0 = Release|Any CPU
		{854F7F4C-F649-4357-81E8-0B4E0E273037}.Debug|Any CPU.ActiveCfg = Debug|Any CPU
		{854F7F4C-F649-4357-81E8-0B4E0E273037}.Debug|Any CPU.Build.0 = Debug|Any CPU
		{854F7F4C-F649-4357-81E8-0B4E0E273037}.Release|Any CPU.ActiveCfg = Release|Any CPU
		{854F7F4C-F649-4357-81E8-0B4E0E273037}.Release|Any CPU.Build.0 = Release|Any CPU
	EndGlobalSection
	GlobalSection(SolutionProperties) = preSolution
		HideSolutionNode = FALSE
	EndGlobalSection
	GlobalSection(NestedProjects) = preSolution
		{9C842B7B-F408-49A7-877E-A1F2C716F18C} = {C13BC277-9FD4-407B-91F2-AA6417C5A6FD}
		{0838B7A7-CDD6-40A5-A5A3-D59ADF5332CD} = {9AFC118C-A0B4-4BD9-8547-E1AB329B486D}
		{63785ABE-530F-4451-A6A0-7555CA73D2D7} = {7CE6ED71-84F3-42D5-9126-F364BDE0F384}
		{1A5B37C8-FB3A-40FA-AD45-BF3B19E0B4D7} = {7CE6ED71-84F3-42D5-9126-F364BDE0F384}
		{1F6434A2-02A9-4013-AC89-229C71E3D6FD} = {9AFC118C-A0B4-4BD9-8547-E1AB329B486D}
		{D8E1D8A6-3B10-4AF6-A653-EC66DAD465BC} = {C13BC277-9FD4-407B-91F2-AA6417C5A6FD}
		{854F7F4C-F649-4357-81E8-0B4E0E273037} = {D8E1D8A6-3B10-4AF6-A653-EC66DAD465BC}
	EndGlobalSection
EndGlobal
